// !$*UTF8*$!
{
	archiveVersion = 1;
	classes = {
	};
	objectVersion = 46;
	objects = {

/* Begin PBXBuildFile section */
		54BFC7CA1C478DFD009F2D1D /* main.m in Sources */ = {isa = PBXBuildFile; fileRef = 54BFC7C91C478DFD009F2D1D /* main.m */; };
		54BFC7CD1C478DFD009F2D1D /* AppDelegate.m in Sources */ = {isa = PBXBuildFile; fileRef = 54BFC7CC1C478DFD009F2D1D /* AppDelegate.m */; };
		54BFC7D01C478DFD009F2D1D /* ViewController.m in Sources */ = {isa = PBXBuildFile; fileRef = 54BFC7CF1C478DFD009F2D1D /* ViewController.m */; };
		54BFC7D31C478DFD009F2D1D /* Main.storyboard in Resources */ = {isa = PBXBuildFile; fileRef = 54BFC7D11C478DFD009F2D1D /* Main.storyboard */; };
		54BFC7D51C478DFD009F2D1D /* Assets.xcassets in Resources */ = {isa = PBXBuildFile; fileRef = 54BFC7D41C478DFD009F2D1D /* Assets.xcassets */; };
		54BFC7D81C478DFD009F2D1D /* LaunchScreen.storyboard in Resources */ = {isa = PBXBuildFile; fileRef = 54BFC7D61C478DFD009F2D1D /* LaunchScreen.storyboard */; };
		54BFC7E31C478DFD009F2D1D /* _DTouchDemoTests.m in Sources */ = {isa = PBXBuildFile; fileRef = 54BFC7E21C478DFD009F2D1D /* _DTouchDemoTests.m */; };
		54BFC7EE1C478DFD009F2D1D /* _DTouchDemoUITests.m in Sources */ = {isa = PBXBuildFile; fileRef = 54BFC7ED1C478DFD009F2D1D /* _DTouchDemoUITests.m */; };
		54BFC7FD1C479F2D009F2D1D /* TouchViewController.m in Sources */ = {isa = PBXBuildFile; fileRef = 54BFC7FC1C479F2D009F2D1D /* TouchViewController.m */; };
/* End PBXBuildFile section */

/* Begin PBXContainerItemProxy section */
		54BFC7DF1C478DFD009F2D1D /* PBXContainerItemProxy */ = {
			isa = PBXContainerItemProxy;
			containerPortal = 54BFC7BD1C478DFD009F2D1D /* Project object */;
			proxyType = 1;
			remoteGlobalIDString = 54BFC7C41C478DFD009F2D1D;
			remoteInfo = 3DTouchDemo;
		};
		54BFC7EA1C478DFD009F2D1D /* PBXContainerItemProxy */ = {
			isa = PBXContainerItemProxy;
			containerPortal = 54BFC7BD1C478DFD009F2D1D /* Project object */;
			proxyType = 1;
			remoteGlobalIDString = 54BFC7C41C478DFD009F2D1D;
			remoteInfo = 3DTouchDemo;
		};
/* End PBXContainerItemProxy section */

/* Begin PBXFileReference section */
		54BFC7C51C478DFD009F2D1D /* 3DTouchDemo.app */ = {isa = PBXFileReference; explicitFileType = wrapper.application; includeInIndex = 0; path = 3DTouchDemo.app; sourceTree = BUILT_PRODUCTS_DIR; };
		54BFC7C91C478DFD009F2D1D /* main.m */ = {isa = PBXFileReference; lastKnownFileType = sourcecode.c.objc; path = main.m; sourceTree = "<group>"; };
		54BFC7CB1C478DFD009F2D1D /* AppDelegate.h */ = {isa = PBXFileReference; lastKnownFileType = sourcecode.c.h; path = AppDelegate.h; sourceTree = "<group>"; };
		54BFC7CC1C478DFD009F2D1D /* AppDelegate.m */ = {isa = PBXFileReference; lastKnownFileType = sourcecode.c.objc; path = AppDelegate.m; sourceTree = "<group>"; };
		54BFC7CE1C478DFD009F2D1D /* ViewController.h */ = {isa = PBXFileReference; lastKnownFileType = sourcecode.c.h; path = ViewController.h; sourceTree = "<group>"; };
		54BFC7CF1C478DFD009F2D1D /* ViewController.m */ = {isa = PBXFileReference; lastKnownFileType = sourcecode.c.objc; path = ViewController.m; sourceTree = "<group>"; };
		54BFC7D21C478DFD009F2D1D /* Base */ = {isa = PBXFileReference; lastKnownFileType = file.storyboard; name = Base; path = Base.lproj/Main.storyboard; sourceTree = "<group>"; };
		54BFC7D41C478DFD009F2D1D /* Assets.xcassets */ = {isa = PBXFileReference; lastKnownFileType = folder.assetcatalog; path = Assets.xcassets; sourceTree = "<group>"; };
		54BFC7D71C478DFD009F2D1D /* Base */ = {isa = PBXFileReference; lastKnownFileType = file.storyboard; name = Base; path = Base.lproj/LaunchScreen.storyboard; sourceTree = "<group>"; };
		54BFC7D91C478DFD009F2D1D /* Info.plist */ = {isa = PBXFileReference; lastKnownFileType = text.plist.xml; path = Info.plist; sourceTree = "<group>"; };
		54BFC7DE1C478DFD009F2D1D /* 3DTouchDemoTests.xctest */ = {isa = PBXFileReference; explicitFileType = wrapper.cfbundle; includeInIndex = 0; path = 3DTouchDemoTests.xctest; sourceTree = BUILT_PRODUCTS_DIR; };
		54BFC7E21C478DFD009F2D1D /* _DTouchDemoTests.m */ = {isa = PBXFileReference; lastKnownFileType = sourcecode.c.objc; path = _DTouchDemoTests.m; sourceTree = "<group>"; };
		54BFC7E41C478DFD009F2D1D /* Info.plist */ = {isa = PBXFileReference; lastKnownFileType = text.plist.xml; path = Info.plist; sourceTree = "<group>"; };
		54BFC7E91C478DFD009F2D1D /* 3DTouchDemoUITests.xctest */ = {isa = PBXFileReference; explicitFileType = wrapper.cfbundle; includeInIndex = 0; path = 3DTouchDemoUITests.xctest; sourceTree = BUILT_PRODUCTS_DIR; };
		54BFC7ED1C478DFD009F2D1D /* _DTouchDemoUITests.m */ = {isa = PBXFileReference; lastKnownFileType = sourcecode.c.objc; path = _DTouchDemoUITests.m; sourceTree = "<group>"; };
		54BFC7EF1C478DFD009F2D1D /* Info.plist */ = {isa = PBXFileReference; lastKnownFileType = text.plist.xml; path = Info.plist; sourceTree = "<group>"; };
		54BFC7FB1C479F2D009F2D1D /* TouchViewController.h */ = {isa = PBXFileReference; fileEncoding = 4; lastKnownFileType = sourcecode.c.h; path = TouchViewController.h; sourceTree = "<group>"; };
		54BFC7FC1C479F2D009F2D1D /* TouchViewController.m */ = {isa = PBXFileReference; fileEncoding = 4; lastKnownFileType = sourcecode.c.objc; path = TouchViewController.m; sourceTree = "<group>"; };
/* End PBXFileReference section */

/* Begin PBXFrameworksBuildPhase section */
		54BFC7C21C478DFD009F2D1D /* Frameworks */ = {
			isa = PBXFrameworksBuildPhase;
			buildActionMask = 2147483647;
			files = (
			);
			runOnlyForDeploymentPostprocessing = 0;
		};
		54BFC7DB1C478DFD009F2D1D /* Frameworks */ = {
			isa = PBXFrameworksBuildPhase;
			buildActionMask = 2147483647;
			files = (
			);
			runOnlyForDeploymentPostprocessing = 0;
		};
		54BFC7E61C478DFD009F2D1D /* Frameworks */ = {
			isa = PBXFrameworksBuildPhase;
			buildActionMask = 2147483647;
			files = (
			);
			runOnlyForDeploymentPostprocessing = 0;
		};
/* End PBXFrameworksBuildPhase section */

/* Begin PBXGroup section */
		54BFC7BC1C478DFD009F2D1D = {
			isa = PBXGroup;
			children = (
				54BFC7C71C478DFD009F2D1D /* 3DTouchDemo */,
				54BFC7E11C478DFD009F2D1D /* 3DTouchDemoTests */,
				54BFC7EC1C478DFD009F2D1D /* 3DTouchDemoUITests */,
				54BFC7C61C478DFD009F2D1D /* Products */,
			);
			sourceTree = "<group>";
		};
		54BFC7C61C478DFD009F2D1D /* Products */ = {
			isa = PBXGroup;
			children = (
				54BFC7C51C478DFD009F2D1D /* 3DTouchDemo.app */,
				54BFC7DE1C478DFD009F2D1D /* 3DTouchDemoTests.xctest */,
				54BFC7E91C478DFD009F2D1D /* 3DTouchDemoUITests.xctest */,
			);
			name = Products;
			sourceTree = "<group>";
		};
		54BFC7C71C478DFD009F2D1D /* 3DTouchDemo */ = {
			isa = PBXGroup;
			children = (
				54BFC7CB1C478DFD009F2D1D /* AppDelegate.h */,
				54BFC7CC1C478DFD009F2D1D /* AppDelegate.m */,
				54BFC7FB1C479F2D009F2D1D /* TouchViewController.h */,
				54BFC7FC1C479F2D009F2D1D /* TouchViewController.m */,
				54BFC7CE1C478DFD009F2D1D /* ViewController.h */,
				54BFC7CF1C478DFD009F2D1D /* ViewController.m */,
				54BFC7D11C478DFD009F2D1D /* Main.storyboard */,
				54BFC7D41C478DFD009F2D1D /* Assets.xcassets */,
				54BFC7D61C478DFD009F2D1D /* LaunchScreen.storyboard */,
				54BFC7D91C478DFD009F2D1D /* Info.plist */,
				54BFC7C81C478DFD009F2D1D /* Supporting Files */,
			);
			path = 3DTouchDemo;
			sourceTree = "<group>";
		};
		54BFC7C81C478DFD009F2D1D /* Supporting Files */ = {
			isa = PBXGroup;
			children = (
				54BFC7C91C478DFD009F2D1D /* main.m */,
			);
			name = "Supporting Files";
			sourceTree = "<group>";
		};
		54BFC7E11C478DFD009F2D1D /* 3DTouchDemoTests */ = {
			isa = PBXGroup;
			children = (
				54BFC7E21C478DFD009F2D1D /* _DTouchDemoTests.m */,
				54BFC7E41C478DFD009F2D1D /* Info.plist */,
			);
			path = 3DTouchDemoTests;
			sourceTree = "<group>";
		};
		54BFC7EC1C478DFD009F2D1D /* 3DTouchDemoUITests */ = {
			isa = PBXGroup;
			children = (
				54BFC7ED1C478DFD009F2D1D /* _DTouchDemoUITests.m */,
				54BFC7EF1C478DFD009F2D1D /* Info.plist */,
			);
			path = 3DTouchDemoUITests;
			sourceTree = "<group>";
		};
/* End PBXGroup section */

/* Begin PBXNativeTarget section */
		54BFC7C41C478DFD009F2D1D /* 3DTouchDemo */ = {
			isa = PBXNativeTarget;
			buildConfigurationList = 54BFC7F21C478DFD009F2D1D /* Build configuration list for PBXNativeTarget "3DTouchDemo" */;
			buildPhases = (
				54BFC7C11C478DFD009F2D1D /* Sources */,
				54BFC7C21C478DFD009F2D1D /* Frameworks */,
				54BFC7C31C478DFD009F2D1D /* Resources */,
			);
			buildRules = (
			);
			dependencies = (
			);
			name = 3DTouchDemo;
			productName = 3DTouchDemo;
			productReference = 54BFC7C51C478DFD009F2D1D /* 3DTouchDemo.app */;
			productType = "com.apple.product-type.application";
		};
		54BFC7DD1C478DFD009F2D1D /* 3DTouchDemoTests */ = {
			isa = PBXNativeTarget;
			buildConfigurationList = 54BFC7F51C478DFD009F2D1D /* Build configuration list for PBXNativeTarget "3DTouchDemoTests" */;
			buildPhases = (
				54BFC7DA1C478DFD009F2D1D /* Sources */,
				54BFC7DB1C478DFD009F2D1D /* Frameworks */,
				54BFC7DC1C478DFD009F2D1D /* Resources */,
			);
			buildRules = (
			);
			dependencies = (
				54BFC7E01C478DFD009F2D1D /* PBXTargetDependency */,
			);
			name = 3DTouchDemoTests;
			productName = 3DTouchDemoTests;
			productReference = 54BFC7DE1C478DFD009F2D1D /* 3DTouchDemoTests.xctest */;
			productType = "com.apple.product-type.bundle.unit-test";
		};
		54BFC7E81C478DFD009F2D1D /* 3DTouchDemoUITests */ = {
			isa = PBXNativeTarget;
			buildConfigurationList = 54BFC7F81C478DFD009F2D1D /* Build configuration list for PBXNativeTarget "3DTouchDemoUITests" */;
			buildPhases = (
				54BFC7E51C478DFD009F2D1D /* Sources */,
				54BFC7E61C478DFD009F2D1D /* Frameworks */,
				54BFC7E71C478DFD009F2D1D /* Resources */,
			);
			buildRules = (
			);
			dependencies = (
				54BFC7EB1C478DFD009F2D1D /* PBXTargetDependency */,
			);
			name = 3DTouchDemoUITests;
			productName = 3DTouchDemoUITests;
			productReference = 54BFC7E91C478DFD009F2D1D /* 3DTouchDemoUITests.xctest */;
			productType = "com.apple.product-type.bundle.ui-testing";
		};
/* End PBXNativeTarget section */

/* Begin PBXProject section */
		54BFC7BD1C478DFD009F2D1D /* Project object */ = {
			isa = PBXProject;
			attributes = {
				LastUpgradeCheck = 0720;
				ORGANIZATIONNAME = "WeiCheng—iOS_1";
				TargetAttributes = {
					54BFC7C41C478DFD009F2D1D = {
						CreatedOnToolsVersion = 7.2;
						DevelopmentTeam = AY6EP74J52;
					};
					54BFC7DD1C478DFD009F2D1D = {
						CreatedOnToolsVersion = 7.2;
						TestTargetID = 54BFC7C41C478DFD009F2D1D;
					};
					54BFC7E81C478DFD009F2D1D = {
						CreatedOnToolsVersion = 7.2;
						TestTargetID = 54BFC7C41C478DFD009F2D1D;
					};
				};
			};
			buildConfigurationList = 54BFC7C01C478DFD009F2D1D /* Build configuration list for PBXProject "3DTouchDemo" */;
			compatibilityVersion = "Xcode 3.2";
			developmentRegion = English;
			hasScannedForEncodings = 0;
			knownRegions = (
				en,
				Base,
			);
			mainGroup = 54BFC7BC1C478DFD009F2D1D;
			productRefGroup = 54BFC7C61C478DFD009F2D1D /* Products */;
			projectDirPath = "";
			projectRoot = "";
			targets = (
				54BFC7C41C478DFD009F2D1D /* 3DTouchDemo */,
				54BFC7DD1C478DFD009F2D1D /* 3DTouchDemoTests */,
				54BFC7E81C478DFD009F2D1D /* 3DTouchDemoUITests */,
			);
		};
/* End PBXProject section */

/* Begin PBXResourcesBuildPhase section */
		54BFC7C31C478DFD009F2D1D /* Resources */ = {
			isa = PBXResourcesBuildPhase;
			buildActionMask = 2147483647;
			files = (
				54BFC7D81C478DFD009F2D1D /* LaunchScreen.storyboard in Resources */,
				54BFC7D51C478DFD009F2D1D /* Assets.xcassets in Resources */,
				54BFC7D31C478DFD009F2D1D /* Main.storyboard in Resources */,
			);
			runOnlyForDeploymentPostprocessing = 0;
		};
		54BFC7DC1C478DFD009F2D1D /* Resources */ = {
			isa = PBXResourcesBuildPhase;
			buildActionMask = 2147483647;
			files = (
			);
			runOnlyForDeploymentPostprocessing = 0;
		};
		54BFC7E71C478DFD009F2D1D /* Resources */ = {
			isa = PBXResourcesBuildPhase;
			buildActionMask = 2147483647;
			files = (
			);
			runOnlyForDeploymentPostprocessing = 0;
		};
/* End PBXResourcesBuildPhase section */

/* Begin PBXSourcesBuildPhase section */
		54BFC7C11C478DFD009F2D1D /* Sources */ = {
			isa = PBXSourcesBuildPhase;
			buildActionMask = 2147483647;
			files = (
				54BFC7D01C478DFD009F2D1D /* ViewController.m in Sources */,
				54BFC7CD1C478DFD009F2D1D /* AppDelegate.m in Sources */,
				54BFC7FD1C479F2D009F2D1D /* TouchViewController.m in Sources */,
				54BFC7CA1C478DFD009F2D1D /* main.m in Sources */,
			);
			runOnlyForDeploymentPostprocessing = 0;
		};
		54BFC7DA1C478DFD009F2D1D /* Sources */ = {
			isa = PBXSourcesBuildPhase;
			buildActionMask = 2147483647;
			files = (
				54BFC7E31C478DFD009F2D1D /* _DTouchDemoTests.m in Sources */,
			);
			runOnlyForDeploymentPostprocessing = 0;
		};
		54BFC7E51C478DFD009F2D1D /* Sources */ = {
			isa = PBXSourcesBuildPhase;
			buildActionMask = 2147483647;
			files = (
				54BFC7EE1C478DFD009F2D1D /* _DTouchDemoUITests.m in Sources */,
			);
			runOnlyForDeploymentPostprocessing = 0;
		};
/* End PBXSourcesBuildPhase section */

/* Begin PBXTargetDependency section */
		54BFC7E01C478DFD009F2D1D /* PBXTargetDependency */ = {
			isa = PBXTargetDependency;
			target = 54BFC7C41C478DFD009F2D1D /* 3DTouchDemo */;
			targetProxy = 54BFC7DF1C478DFD009F2D1D /* PBXContainerItemProxy */;
		};
		54BFC7EB1C478DFD009F2D1D /* PBXTargetDependency */ = {
			isa = PBXTargetDependency;
			target = 54BFC7C41C478DFD009F2D1D /* 3DTouchDemo */;
			targetProxy = 54BFC7EA1C478DFD009F2D1D /* PBXContainerItemProxy */;
		};
/* End PBXTargetDependency section */

/* Begin PBXVariantGroup section */
		54BFC7D11C478DFD009F2D1D /* Main.storyboard */ = {
			isa = PBXVariantGroup;
			children = (
				54BFC7D21C478DFD009F2D1D /* Base */,
			);
			name = Main.storyboard;
			sourceTree = "<group>";
		};
		54BFC7D61C478DFD009F2D1D /* LaunchScreen.storyboard */ = {
			isa = PBXVariantGroup;
			children = (
				54BFC7D71C478DFD009F2D1D /* Base */,
			);
			name = LaunchScreen.storyboard;
			sourceTree = "<group>";
		};
/* End PBXVariantGroup section */

/* Begin XCBuildConfiguration section */
		54BFC7F01C478DFD009F2D1D /* Debug */ = {
			isa = XCBuildConfiguration;
			buildSettings = {
				ALWAYS_SEARCH_USER_PATHS = NO;
				CLANG_CXX_LANGUAGE_STANDARD = "gnu++0x";
				CLANG_CXX_LIBRARY = "libc++";
				CLANG_ENABLE_MODULES = YES;
				CLANG_ENABLE_OBJC_ARC = YES;
				CLANG_WARN_BOOL_CONVERSION = YES;
				CLANG_WARN_CONSTANT_CONVERSION = YES;
				CLANG_WARN_DIRECT_OBJC_ISA_USAGE = YES_ERROR;
				CLANG_WARN_EMPTY_BODY = YES;
				CLANG_WARN_ENUM_CONVERSION = YES;
				CLANG_WARN_INT_CONVERSION = YES;
				CLANG_WARN_OBJC_ROOT_CLASS = YES_ERROR;
				CLANG_WARN_UNREACHABLE_CODE = YES;
				CLANG_WARN__DUPLICATE_METHOD_MATCH = YES;
				"CODE_SIGN_IDENTITY[sdk=iphoneos*]" = "iPhone Developer";
				COPY_PHASE_STRIP = NO;
				DEBUG_INFORMATION_FORMAT = dwarf;
				ENABLE_STRICT_OBJC_MSGSEND = YES;
				ENABLE_TESTABILITY = YES;
				GCC_C_LANGUAGE_STANDARD = gnu99;
				GCC_DYNAMIC_NO_PIC = NO;
				GCC_NO_COMMON_BLOCKS = YES;
				GCC_OPTIMIZATION_LEVEL = 0;
				GCC_PREPROCESSOR_DEFINITIONS = (
					"DEBUG=1",
					"$(inherited)",
				);
				GCC_WARN_64_TO_32_BIT_CONVERSION = YES;
				GCC_WARN_ABOUT_RETURN_TYPE = YES_ERROR;
				GCC_WARN_UNDECLARED_SELECTOR = YES;
				GCC_WARN_UNINITIALIZED_AUTOS = YES_AGGRESSIVE;
				GCC_WARN_UNUSED_FUNCTION = YES;
				GCC_WARN_UNUSED_VARIABLE = YES;
				IPHONEOS_DEPLOYMENT_TARGET = 9.2;
				MTL_ENABLE_DEBUG_INFO = YES;
				ONLY_ACTIVE_ARCH = YES;
				SDKROOT = iphoneos;
				TARGETED_DEVICE_FAMILY = "1,2";
			};
			name = Debug;
		};
		54BFC7F11C478DFD009F2D1D /* Release */ = {
			isa = XCBuildConfiguration;
			buildSettings = {
				ALWAYS_SEARCH_USER_PATHS = NO;
				CLANG_CXX_LANGUAGE_STANDARD = "gnu++0x";
				CLANG_CXX_LIBRARY = "libc++";
				CLANG_ENABLE_MODULES = YES;
				CLANG_ENABLE_OBJC_ARC = YES;
				CLANG_WARN_BOOL_CONVERSION = YES;
				CLANG_WARN_CONSTANT_CONVERSION = YES;
				CLANG_WARN_DIRECT_OBJC_ISA_USAGE = YES_ERROR;
				CLANG_WARN_EMPTY_BODY = YES;
				CLANG_WARN_ENUM_CONVERSION = YES;
				CLANG_WARN_INT_CONVERSION = YES;
				CLANG_WARN_OBJC_ROOT_CLASS = YES_ERROR;
				CLANG_WARN_UNREACHABLE_CODE = YES;
				CLANG_WARN__DUPLICATE_METHOD_MATCH = YES;
				"CODE_SIGN_IDENTITY[sdk=iphoneos*]" = "iPhone Developer";
				COPY_PHASE_STRIP = NO;
				DEBUG_INFORMATION_FORMAT = "dwarf-with-dsym";
				ENABLE_NS_ASSERTIONS = NO;
				ENABLE_STRICT_OBJC_MSGSEND = YES;
				GCC_C_LANGUAGE_STANDARD = gnu99;
				GCC_NO_COMMON_BLOCKS = YES;
				GCC_WARN_64_TO_32_BIT_CONVERSION = YES;
				GCC_WARN_ABOUT_RETURN_TYPE = YES_ERROR;
				GCC_WARN_UNDECLARED_SELECTOR = YES;
				GCC_WARN_UNINITIALIZED_AUTOS = YES_AGGRESSIVE;
				GCC_WARN_UNUSED_FUNCTION = YES;
				GCC_WARN_UNUSED_VARIABLE = YES;
				IPHONEOS_DEPLOYMENT_TARGET = 9.2;
				MTL_ENABLE_DEBUG_INFO = NO;
				SDKROOT = iphoneos;
				TARGETED_DEVICE_FAMILY = "1,2";
				VALIDATE_PRODUCT = YES;
			};
			name = Release;
		};
		54BFC7F31C478DFD009F2D1D /* Debug */ = {
			isa = XCBuildConfiguration;
			buildSettings = {
				ASSETCATALOG_COMPILER_APPICON_NAME = AppIcon;
				CODE_SIGN_IDENTITY = "iPhone Developer";
				"CODE_SIGN_IDENTITY[sdk=iphoneos*]" = "iPhone Developer";
				INFOPLIST_FILE = 3DTouchDemo/Info.plist;
				IPHONEOS_DEPLOYMENT_TARGET = 9.0;
				LD_RUNPATH_SEARCH_PATHS = "$(inherited) @executable_path/Frameworks";
				PRODUCT_BUNDLE_IDENTIFIER = "sunyang.-DTouchDemo";
				PRODUCT_NAME = "$(TARGET_NAME)";
				PROVISIONING_PROFILE = "";
			};
			name = Debug;
		};
		54BFC7F41C478DFD009F2D1D /* Release */ = {
			isa = XCBuildConfiguration;
			buildSettings = {
				ASSETCATALOG_COMPILER_APPICON_NAME = AppIcon;
				CODE_SIGN_IDENTITY = "iPhone Developer";
				"CODE_SIGN_IDENTITY[sdk=iphoneos*]" = "iPhone Developer";
				INFOPLIST_FILE = 3DTouchDemo/Info.plist;
				IPHONEOS_DEPLOYMENT_TARGET = 9.0;
				LD_RUNPATH_SEARCH_PATHS = "$(inherited) @executable_path/Frameworks";
				PRODUCT_BUNDLE_IDENTIFIER = "sunyang.-DTouchDemo";
				PRODUCT_NAME = "$(TARGET_NAME)";
				PROVISIONING_PROFILE = "";
			};
			name = Release;
		};
		54BFC7F61C478DFD009F2D1D /* Debug */ = {
			isa = XCBuildConfiguration;
			buildSettings = {
				BUNDLE_LOADER = "$(TEST_HOST)";
				INFOPLIST_FILE = 3DTouchDemoTests/Info.plist;
				LD_RUNPATH_SEARCH_PATHS = "$(inherited) @executable_path/Frameworks @loader_path/Frameworks";
				PRODUCT_BUNDLE_IDENTIFIER = "sunyang.-DTouchDemoTests";
				PRODUCT_NAME = "$(TARGET_NAME)";
				TEST_HOST = "$(BUILT_PRODUCTS_DIR)/3DTouchDemo.app/3DTouchDemo";
			};
			name = Debug;
		};
		54BFC7F71C478DFD009F2D1D /* Release */ = {
			isa = XCBuildConfiguration;
			buildSettings = {
				BUNDLE_LOADER = "$(TEST_HOST)";
				INFOPLIST_FILE = 3DTouchDemoTests/Info.plist;
				LD_RUNPATH_SEARCH_PATHS = "$(inherited) @executable_path/Frameworks @loader_path/Frameworks";
				PRODUCT_BUNDLE_IDENTIFIER = "sunyang.-DTouchDemoTests";
				PRODUCT_NAME = "$(TARGET_NAME)";
				TEST_HOST = "$(BUILT_PRODUCTS_DIR)/3DTouchDemo.app/3DTouchDemo";
			};
			name = Release;
		};
		54BFC7F91C478DFD009F2D1D /* Debug */ = {
			isa = XCBuildConfiguration;
			buildSettings = {
				INFOPLIST_FILE = 3DTouchDemoUITests/Info.plist;
				LD_RUNPATH_SEARCH_PATHS = "$(inherited) @executable_path/Frameworks @loader_path/Frameworks";
				PRODUCT_BUNDLE_IDENTIFIER = "sunyang.-DTouchDemoUITests";
				PRODUCT_NAME = "$(TARGET_NAME)";
				TEST_TARGET_NAME = 3DTouchDemo;
				USES_XCTRUNNER = YES;
			};
			name = Debug;
		};
		54BFC7FA1C478DFD009F2D1D /* Release */ = {
			isa = XCBuildConfiguration;
			buildSettings = {
				INFOPLIST_FILE = 3DTouchDemoUITests/Info.plist;
				LD_RUNPATH_SEARCH_PATHS = "$(inherited) @executable_path/Frameworks @loader_path/Frameworks";
				PRODUCT_BUNDLE_IDENTIFIER = "sunyang.-DTouchDemoUITests";
				PRODUCT_NAME = "$(TARGET_NAME)";
				TEST_TARGET_NAME = 3DTouchDemo;
				USES_XCTRUNNER = YES;
			};
			name = Release;
		};
/* End XCBuildConfiguration section */

/* Begin XCConfigurationList section */
		54BFC7C01C478DFD009F2D1D /* Build configuration list for PBXProject "3DTouchDemo" */ = {
			isa = XCConfigurationList;
			buildConfigurations = (
				54BFC7F01C478DFD009F2D1D /* Debug */,
				54BFC7F11C478DFD009F2D1D /* Release */,
			);
			defaultConfigurationIsVisible = 0;
			defaultConfigurationName = Release;
		};
		54BFC7F21C478DFD009F2D1D /* Build configuration list for PBXNativeTarget "3DTouchDemo" */ = {
			isa = XCConfigurationList;
			buildConfigurations = (
				54BFC7F31C478DFD009F2D1D /* Debug */,
				54BFC7F41C478DFD009F2D1D /* Release */,
			);
			defaultConfigurationIsVisible = 0;
		};
		54BFC7F51C478DFD009F2D1D /* Build configuration list for PBXNativeTarget "3DTouchDemoTests" */ = {
			isa = XCConfigurationList;
			buildConfigurations = (
				54BFC7F61C478DFD009F2D1D /* Debug */,
				54BFC7F71C478DFD009F2D1D /* Release */,
			);
			defaultConfigurationIsVisible = 0;
		};
		54BFC7F81C478DFD009F2D1D /* Build configuration list for PBXNativeTarget "3DTouchDemoUITests" */ = {
			isa = XCConfigurationList;
			buildConfigurations = (
				54BFC7F91C478DFD009F2D1D /* Debug */,
				54BFC7FA1C478DFD009F2D1D /* Release */,
			);
			defaultConfigurationIsVisible = 0;
		};
/* End XCConfigurationList section */
	};
	rootObject = 54BFC7BD1C478DFD009F2D1D /* Project object */;
}
